// !$*UTF8*$!
{
	archiveVersion = 1;
	classes = {
	};
	objectVersion = 55;
	objects = {

/* Begin PBXBuildFile section */
		475F1F2227FD6F110010DC74 /* UI_532App.swift in Sources */ = {isa = PBXBuildFile; fileRef = 475F1F2127FD6F110010DC74 /* UI_532App.swift */; };
		475F1F2427FD6F110010DC74 /* ContentView.swift in Sources */ = {isa = PBXBuildFile; fileRef = 475F1F2327FD6F110010DC74 /* ContentView.swift */; };
		475F1F2627FD6F120010DC74 /* Assets.xcassets in Resources */ = {isa = PBXBuildFile; fileRef = 475F1F2527FD6F120010DC74 /* Assets.xcassets */; };
		475F1F2927FD6F120010DC74 /* Preview Assets.xcassets in Resources */ = {isa = PBXBuildFile; fileRef = 475F1F2827FD6F120010DC74 /* Preview Assets.xcassets */; };
		475F1F3327FD6F120010DC74 /* UI_532Tests.swift in Sources */ = {isa = PBXBuildFile; fileRef = 475F1F3227FD6F120010DC74 /* UI_532Tests.swift */; };
		475F1F3D27FD6F120010DC74 /* UI_532UITests.swift in Sources */ = {isa = PBXBuildFile; fileRef = 475F1F3C27FD6F120010DC74 /* UI_532UITests.swift */; };
		475F1F3F27FD6F120010DC74 /* UI_532UITestsLaunchTests.swift in Sources */ = {isa = PBXBuildFile; fileRef = 475F1F3E27FD6F120010DC74 /* UI_532UITestsLaunchTests.swift */; };
		475F1F4E27FD6F270010DC74 /* Today.swift in Sources */ = {isa = PBXBuildFile; fileRef = 475F1F4D27FD6F270010DC74 /* Today.swift */; };
		475F1F5027FD6F360010DC74 /* Home.swift in Sources */ = {isa = PBXBuildFile; fileRef = 475F1F4F27FD6F360010DC74 /* Home.swift */; };
		475F1F5227FD77040010DC74 /* CustomCorner.swift in Sources */ = {isa = PBXBuildFile; fileRef = 475F1F5127FD77040010DC74 /* CustomCorner.swift */; };
/* End PBXBuildFile section */

/* Begin PBXContainerItemProxy section */
		475F1F2F27FD6F120010DC74 /* PBXContainerItemProxy */ = {
			isa = PBXContainerItemProxy;
			containerPortal = 475F1F1627FD6F110010DC74 /* Project object */;
			proxyType = 1;
			remoteGlobalIDString = 475F1F1D27FD6F110010DC74;
			remoteInfo = "UI-532";
		};
		475F1F3927FD6F120010DC74 /* PBXContainerItemProxy */ = {
			isa = PBXContainerItemProxy;
			containerPortal = 475F1F1627FD6F110010DC74 /* Project object */;
			proxyType = 1;
			remoteGlobalIDString = 475F1F1D27FD6F110010DC74;
			remoteInfo = "UI-532";
		};
/* End PBXContainerItemProxy section */

/* Begin PBXFileReference section */
		475F1F1E27FD6F110010DC74 /* UI-532.app */ = {isa = PBXFileReference; explicitFileType = wrapper.application; includeInIndex = 0; path = "UI-532.app"; sourceTree = BUILT_PRODUCTS_DIR; };
		475F1F2127FD6F110010DC74 /* UI_532App.swift */ = {isa = PBXFileReference; lastKnownFileType = sourcecode.swift; path = UI_532App.swift; sourceTree = "<group>"; };
		475F1F2327FD6F110010DC74 /* ContentView.swift */ = {isa = PBXFileReference; lastKnownFileType = sourcecode.swift; path = ContentView.swift; sourceTree = "<group>"; };
		475F1F2527FD6F120010DC74 /* Assets.xcassets */ = {isa = PBXFileReference; lastKnownFileType = folder.assetcatalog; path = Assets.xcassets; sourceTree = "<group>"; };
		475F1F2827FD6F120010DC74 /* Preview Assets.xcassets */ = {isa = PBXFileReference; lastKnownFileType = folder.assetcatalog; path = "Preview Assets.xcassets"; sourceTree = "<group>"; };
		475F1F2E27FD6F120010DC74 /* UI-532Tests.xctest */ = {isa = PBXFileReference; explicitFileType = wrapper.cfbundle; includeInIndex = 0; path = "UI-532Tests.xctest"; sourceTree = BUILT_PRODUCTS_DIR; };
		475F1F3227FD6F120010DC74 /* UI_532Tests.swift */ = {isa = PBXFileReference; lastKnownFileType = sourcecode.swift; path = UI_532Tests.swift; sourceTree = "<group>"; };
		475F1F3827FD6F120010DC74 /* UI-532UITests.xctest */ = {isa = PBXFileReference; explicitFileType = wrapper.cfbundle; includeInIndex = 0; path = "UI-532UITests.xctest"; sourceTree = BUILT_PRODUCTS_DIR; };
		475F1F3C27FD6F120010DC74 /* UI_532UITests.swift */ = {isa = PBXFileReference; lastKnownFileType = sourcecode.swift; path = UI_532UITests.swift; sourceTree = "<group>"; };
		475F1F3E27FD6F120010DC74 /* UI_532UITestsLaunchTests.swift */ = {isa = PBXFileReference; lastKnownFileType = sourcecode.swift; path = UI_532UITestsLaunchTests.swift; sourceTree = "<group>"; };
		475F1F4D27FD6F270010DC74 /* Today.swift */ = {isa = PBXFileReference; lastKnownFileType = sourcecode.swift; path = Today.swift; sourceTree = "<group>"; };
		475F1F4F27FD6F360010DC74 /* Home.swift */ = {isa = PBXFileReference; lastKnownFileType = sourcecode.swift; path = Home.swift; sourceTree = "<group>"; };
		475F1F5127FD77040010DC74 /* CustomCorner.swift */ = {isa = PBXFileReference; lastKnownFileType = sourcecode.swift; path = CustomCorner.swift; sourceTree = "<group>"; };
/* End PBXFileReference section */

/* Begin PBXFrameworksBuildPhase section */
		475F1F1B27FD6F110010DC74 /* Frameworks */ = {
			isa = PBXFrameworksBuildPhase;
			buildActionMask = 2147483647;
			files = (
			);
			runOnlyForDeploymentPostprocessing = 0;
		};
		475F1F2B27FD6F120010DC74 /* Frameworks */ = {
			isa = PBXFrameworksBuildPhase;
			buildActionMask = 2147483647;
			files = (
			);
			runOnlyForDeploymentPostprocessing = 0;
		};
		475F1F3527FD6F120010DC74 /* Frameworks */ = {
			isa = PBXFrameworksBuildPhase;
			buildActionMask = 2147483647;
			files = (
			);
			runOnlyForDeploymentPostprocessing = 0;
		};
/* End PBXFrameworksBuildPhase section */

/* Begin PBXGroup section */
		475F1F1527FD6F110010DC74 = {
			isa = PBXGroup;
			children = (
				475F1F2027FD6F110010DC74 /* UI-532 */,
				475F1F3127FD6F120010DC74 /* UI-532Tests */,
				475F1F3B27FD6F120010DC74 /* UI-532UITests */,
				475F1F1F27FD6F110010DC74 /* Products */,
			);
			sourceTree = "<group>";
		};
		475F1F1F27FD6F110010DC74 /* Products */ = {
			isa = PBXGroup;
			children = (
				475F1F1E27FD6F110010DC74 /* UI-532.app */,
				475F1F2E27FD6F120010DC74 /* UI-532Tests.xctest */,
				475F1F3827FD6F120010DC74 /* UI-532UITests.xctest */,
			);
			name = Products;
			sourceTree = "<group>";
		};
		475F1F2027FD6F110010DC74 /* UI-532 */ = {
			isa = PBXGroup;
			children = (
				475F1F4C27FD6F1F0010DC74 /* Model */,
				475F1F4B27FD6F1B0010DC74 /* View */,
				475F1F2127FD6F110010DC74 /* UI_532App.swift */,
				475F1F2327FD6F110010DC74 /* ContentView.swift */,
				475F1F2527FD6F120010DC74 /* Assets.xcassets */,
				475F1F2727FD6F120010DC74 /* Preview Content */,
			);
			path = "UI-532";
			sourceTree = "<group>";
		};
		475F1F2727FD6F120010DC74 /* Preview Content */ = {
			isa = PBXGroup;
			children = (
				475F1F2827FD6F120010DC74 /* Preview Assets.xcassets */,
			);
			path = "Preview Content";
			sourceTree = "<group>";
		};
		475F1F3127FD6F120010DC74 /* UI-532Tests */ = {
			isa = PBXGroup;
			children = (
				475F1F3227FD6F120010DC74 /* UI_532Tests.swift */,
			);
			path = "UI-532Tests";
			sourceTree = "<group>";
		};
		475F1F3B27FD6F120010DC74 /* UI-532UITests */ = {
			isa = PBXGroup;
			children = (
				475F1F3C27FD6F120010DC74 /* UI_532UITests.swift */,
				475F1F3E27FD6F120010DC74 /* UI_532UITestsLaunchTests.swift */,
			);
			path = "UI-532UITests";
			sourceTree = "<group>";
		};
		475F1F4B27FD6F1B0010DC74 /* View */ = {
			isa = PBXGroup;
			children = (
				475F1F4F27FD6F360010DC74 /* Home.swift */,
				475F1F5127FD77040010DC74 /* CustomCorner.swift */,
			);
			path = View;
			sourceTree = "<group>";
		};
		475F1F4C27FD6F1F0010DC74 /* Model */ = {
			isa = PBXGroup;
			children = (
				475F1F4D27FD6F270010DC74 /* Today.swift */,
			);
			path = Model;
			sourceTree = "<group>";
		};
/* End PBXGroup section */

/* Begin PBXNativeTarget section */
		475F1F1D27FD6F110010DC74 /* UI-532 */ = {
			isa = PBXNativeTarget;
			buildConfigurationList = 475F1F4227FD6F120010DC74 /* Build configuration list for PBXNativeTarget "UI-532" */;
			buildPhases = (
				475F1F1A27FD6F110010DC74 /* Sources */,
				475F1F1B27FD6F110010DC74 /* Frameworks */,
				475F1F1C27FD6F110010DC74 /* Resources */,
			);
			buildRules = (
			);
			dependencies = (
			);
			name = "UI-532";
			productName = "UI-532";
			productReference = 475F1F1E27FD6F110010DC74 /* UI-532.app */;
			productType = "com.apple.product-type.application";
		};
		475F1F2D27FD6F120010DC74 /* UI-532Tests */ = {
			isa = PBXNativeTarget;
			buildConfigurationList = 475F1F4527FD6F120010DC74 /* Build configuration list for PBXNativeTarget "UI-532Tests" */;
			buildPhases = (
				475F1F2A27FD6F120010DC74 /* Sources */,
				475F1F2B27FD6F120010DC74 /* Frameworks */,
				475F1F2C27FD6F120010DC74 /* Resources */,
			);
			buildRules = (
			);
			dependencies = (
				475F1F3027FD6F120010DC74 /* PBXTargetDependency */,
			);
			name = "UI-532Tests";
			productName = "UI-532Tests";
			productReference = 475F1F2E27FD6F120010DC74 /* UI-532Tests.xctest */;
			productType = "com.apple.product-type.bundle.unit-test";
		};
		475F1F3727FD6F120010DC74 /* UI-532UITests */ = {
			isa = PBXNativeTarget;
			buildConfigurationList = 475F1F4827FD6F120010DC74 /* Build configuration list for PBXNativeTarget "UI-532UITests" */;
			buildPhases = (
				475F1F3427FD6F120010DC74 /* Sources */,
				475F1F3527FD6F120010DC74 /* Frameworks */,
				475F1F3627FD6F120010DC74 /* Resources */,
			);
			buildRules = (
			);
			dependencies = (
				475F1F3A27FD6F120010DC74 /* PBXTargetDependency */,
			);
			name = "UI-532UITests";
			productName = "UI-532UITests";
			productReference = 475F1F3827FD6F120010DC74 /* UI-532UITests.xctest */;
			productType = "com.apple.product-type.bundle.ui-testing";
		};
/* End PBXNativeTarget section */

/* Begin PBXProject section */
		475F1F1627FD6F110010DC74 /* Project object */ = {
			isa = PBXProject;
			attributes = {
				BuildIndependentTargetsInParallel = 1;
				LastSwiftUpdateCheck = 1330;
				LastUpgradeCheck = 1330;
				TargetAttributes = {
					475F1F1D27FD6F110010DC74 = {
						CreatedOnToolsVersion = 13.3;
					};
					475F1F2D27FD6F120010DC74 = {
						CreatedOnToolsVersion = 13.3;
						TestTargetID = 475F1F1D27FD6F110010DC74;
					};
					475F1F3727FD6F120010DC74 = {
						CreatedOnToolsVersion = 13.3;
						TestTargetID = 475F1F1D27FD6F110010DC74;
					};
				};
			};
			buildConfigurationList = 475F1F1927FD6F110010DC74 /* Build configuration list for PBXProject "UI-532" */;
			compatibilityVersion = "Xcode 13.0";
			developmentRegion = en;
			hasScannedForEncodings = 0;
			knownRegions = (
				en,
				Base,
			);
			mainGroup = 475F1F1527FD6F110010DC74;
			productRefGroup = 475F1F1F27FD6F110010DC74 /* Products */;
			projectDirPath = "";
			projectRoot = "";
			targets = (
				475F1F1D27FD6F110010DC74 /* UI-532 */,
				475F1F2D27FD6F120010DC74 /* UI-532Tests */,
				475F1F3727FD6F120010DC74 /* UI-532UITests */,
			);
		};
/* End PBXProject section */

/* Begin PBXResourcesBuildPhase section */
		475F1F1C27FD6F110010DC74 /* Resources */ = {
			isa = PBXResourcesBuildPhase;
			buildActionMask = 2147483647;
			files = (
				475F1F2927FD6F120010DC74 /* Preview Assets.xcassets in Resources */,
				475F1F2627FD6F120010DC74 /* Assets.xcassets in Resources */,
			);
			runOnlyForDeploymentPostprocessing = 0;
		};
		475F1F2C27FD6F120010DC74 /* Resources */ = {
			isa = PBXResourcesBuildPhase;
			buildActionMask = 2147483647;
			files = (
			);
			runOnlyForDeploymentPostprocessing = 0;
		};
		475F1F3627FD6F120010DC74 /* Resources */ = {
			isa = PBXResourcesBuildPhase;
			buildActionMask = 2147483647;
			files = (
			);
			runOnlyForDeploymentPostprocessing = 0;
		};
/* End PBXResourcesBuildPhase section */

/* Begin PBXSourcesBuildPhase section */
		475F1F1A27FD6F110010DC74 /* Sources */ = {
			isa = PBXSourcesBuildPhase;
			buildActionMask = 2147483647;
			files = (
				475F1F2427FD6F110010DC74 /* ContentView.swift in Sources */,
				475F1F5227FD77040010DC74 /* CustomCorner.swift in Sources */,
				475F1F4E27FD6F270010DC74 /* Today.swift in Sources */,
				475F1F5027FD6F360010DC74 /* Home.swift in Sources */,
				475F1F2227FD6F110010DC74 /* UI_532App.swift in Sources */,
			);
			runOnlyForDeploymentPostprocessing = 0;
		};
		475F1F2A27FD6F120010DC74 /* Sources */ = {
			isa = PBXSourcesBuildPhase;
			buildActionMask = 2147483647;
			files = (
				475F1F3327FD6F120010DC74 /* UI_532Tests.swift in Sources */,
			);
			runOnlyForDeploymentPostprocessing = 0;
		};
		475F1F3427FD6F120010DC74 /* Sources */ = {
			isa = PBXSourcesBuildPhase;
			buildActionMask = 2147483647;
			files = (
				475F1F3D27FD6F120010DC74 /* UI_532UITests.swift in Sources */,
				475F1F3F27FD6F120010DC74 /* UI_532UITestsLaunchTests.swift in Sources */,
			);
			runOnlyForDeploymentPostprocessing = 0;
		};
/* End PBXSourcesBuildPhase section */

/* Begin PBXTargetDependency section */
		475F1F3027FD6F120010DC74 /* PBXTargetDependency */ = {
			isa = PBXTargetDependency;
			target = 475F1F1D27FD6F110010DC74 /* UI-532 */;
			targetProxy = 475F1F2F27FD6F120010DC74 /* PBXContainerItemProxy */;
		};
		475F1F3A27FD6F120010DC74 /* PBXTargetDependency */ = {
			isa = PBXTargetDependency;
			target = 475F1F1D27FD6F110010DC74 /* UI-532 */;
			targetProxy = 475F1F3927FD6F120010DC74 /* PBXContainerItemProxy */;
		};
/* End PBXTargetDependency section */

/* Begin XCBuildConfiguration section */
		475F1F4027FD6F120010DC74 /* Debug */ = {
			isa = XCBuildConfiguration;
			buildSettings = {
				ALWAYS_SEARCH_USER_PATHS = NO;
				CLANG_ANALYZER_NONNULL = YES;
				CLANG_ANALYZER_NUMBER_OBJECT_CONVERSION = YES_AGGRESSIVE;
				CLANG_CXX_LANGUAGE_STANDARD = "gnu++17";
				CLANG_ENABLE_MODULES = YES;
				CLANG_ENABLE_OBJC_ARC = YES;
				CLANG_ENABLE_OBJC_WEAK = YES;
				CLANG_WARN_BLOCK_CAPTURE_AUTORELEASING = YES;
				CLANG_WARN_BOOL_CONVERSION = YES;
				CLANG_WARN_COMMA = YES;
				CLANG_WARN_CONSTANT_CONVERSION = YES;
				CLANG_WARN_DEPRECATED_OBJC_IMPLEMENTATIONS = YES;
				CLANG_WARN_DIRECT_OBJC_ISA_USAGE = YES_ERROR;
				CLANG_WARN_DOCUMENTATION_COMMENTS = YES;
				CLANG_WARN_EMPTY_BODY = YES;
				CLANG_WARN_ENUM_CONVERSION = YES;
				CLANG_WARN_INFINITE_RECURSION = YES;
				CLANG_WARN_INT_CONVERSION = YES;
				CLANG_WARN_NON_LITERAL_NULL_CONVERSION = YES;
				CLANG_WARN_OBJC_IMPLICIT_RETAIN_SELF = YES;
				CLANG_WARN_OBJC_LITERAL_CONVERSION = YES;
				CLANG_WARN_OBJC_ROOT_CLASS = YES_ERROR;
				CLANG_WARN_QUOTED_INCLUDE_IN_FRAMEWORK_HEADER = YES;
				CLANG_WARN_RANGE_LOOP_ANALYSIS = YES;
				CLANG_WARN_STRICT_PROTOTYPES = YES;
				CLANG_WARN_SUSPICIOUS_MOVE = YES;
				CLANG_WARN_UNGUARDED_AVAILABILITY = YES_AGGRESSIVE;
				CLANG_WARN_UNREACHABLE_CODE = YES;
				CLANG_WARN__DUPLICATE_METHOD_MATCH = YES;
				COPY_PHASE_STRIP = NO;
				DEBUG_INFORMATION_FORMAT = dwarf;
				ENABLE_STRICT_OBJC_MSGSEND = YES;
				ENABLE_TESTABILITY = YES;
				GCC_C_LANGUAGE_STANDARD = gnu11;
				GCC_DYNAMIC_NO_PIC = NO;
				GCC_NO_COMMON_BLOCKS = YES;
				GCC_OPTIMIZATION_LEVEL = 0;
				GCC_PREPROCESSOR_DEFINITIONS = (
					"DEBUG=1",
					"$(inherited)",
				);
				GCC_WARN_64_TO_32_BIT_CONVERSION = YES;
				GCC_WARN_ABOUT_RETURN_TYPE = YES_ERROR;
				GCC_WARN_UNDECLARED_SELECTOR = YES;
				GCC_WARN_UNINITIALIZED_AUTOS = YES_AGGRESSIVE;
				GCC_WARN_UNUSED_FUNCTION = YES;
				GCC_WARN_UNUSED_VARIABLE = YES;
				IPHONEOS_DEPLOYMENT_TARGET = 15.4;
				MTL_ENABLE_DEBUG_INFO = INCLUDE_SOURCE;
				MTL_FAST_MATH = YES;
				ONLY_ACTIVE_ARCH = YES;
				SDKROOT = iphoneos;
				SWIFT_ACTIVE_COMPILATION_CONDITIONS = DEBUG;
				SWIFT_OPTIMIZATION_LEVEL = "-Onone";
			};
			name = Debug;
		};
		475F1F4127FD6F120010DC74 /* Release */ = {
			isa = XCBuildConfiguration;
			buildSettings = {
				ALWAYS_SEARCH_USER_PATHS = NO;
				CLANG_ANALYZER_NONNULL = YES;
				CLANG_ANALYZER_NUMBER_OBJECT_CONVERSION = YES_AGGRESSIVE;
				CLANG_CXX_LANGUAGE_STANDARD = "gnu++17";
				CLANG_ENABLE_MODULES = YES;
				CLANG_ENABLE_OBJC_ARC = YES;
				CLANG_ENABLE_OBJC_WEAK = YES;
				CLANG_WARN_BLOCK_CAPTURE_AUTORELEASING = YES;
				CLANG_WARN_BOOL_CONVERSION = YES;
				CLANG_WARN_COMMA = YES;
				CLANG_WARN_CONSTANT_CONVERSION = YES;
				CLANG_WARN_DEPRECATED_OBJC_IMPLEMENTATIONS = YES;
				CLANG_WARN_DIRECT_OBJC_ISA_USAGE = YES_ERROR;
				CLANG_WARN_DOCUMENTATION_COMMENTS = YES;
				CLANG_WARN_EMPTY_BODY = YES;
				CLANG_WARN_ENUM_CONVERSION = YES;
				CLANG_WARN_INFINITE_RECURSION = YES;
				CLANG_WARN_INT_CONVERSION = YES;
				CLANG_WARN_NON_LITERAL_NULL_CONVERSION = YES;
				CLANG_WARN_OBJC_IMPLICIT_RETAIN_SELF = YES;
				CLANG_WARN_OBJC_LITERAL_CONVERSION = YES;
				CLANG_WARN_OBJC_ROOT_CLASS = YES_ERROR;
				CLANG_WARN_QUOTED_INCLUDE_IN_FRAMEWORK_HEADER = YES;
				CLANG_WARN_RANGE_LOOP_ANALYSIS = YES;
				CLANG_WARN_STRICT_PROTOTYPES = YES;
				CLANG_WARN_SUSPICIOUS_MOVE = YES;
				CLANG_WARN_UNGUARDED_AVAILABILITY = YES_AGGRESSIVE;
				CLANG_WARN_UNREACHABLE_CODE = YES;
				CLANG_WARN__DUPLICATE_METHOD_MATCH = YES;
				COPY_PHASE_STRIP = NO;
				DEBUG_INFORMATION_FORMAT = "dwarf-with-dsym";
				ENABLE_NS_ASSERTIONS = NO;
				ENABLE_STRICT_OBJC_MSGSEND = YES;
				GCC_C_LANGUAGE_STANDARD = gnu11;
				GCC_NO_COMMON_BLOCKS = YES;
				GCC_WARN_64_TO_32_BIT_CONVERSION = YES;
				GCC_WARN_ABOUT_RETURN_TYPE = YES_ERROR;
				GCC_WARN_UNDECLARED_SELECTOR = YES;
				GCC_WARN_UNINITIALIZED_AUTOS = YES_AGGRESSIVE;
				GCC_WARN_UNUSED_FUNCTION = YES;
				GCC_WARN_UNUSED_VARIABLE = YES;
				IPHONEOS_DEPLOYMENT_TARGET = 15.4;
				MTL_ENABLE_DEBUG_INFO = NO;
				MTL_FAST_MATH = YES;
				SDKROOT = iphoneos;
				SWIFT_COMPILATION_MODE = wholemodule;
				SWIFT_OPTIMIZATION_LEVEL = "-O";
				VALIDATE_PRODUCT = YES;
			};
			name = Release;
		};
		475F1F4327FD6F120010DC74 /* Debug */ = {
			isa = XCBuildConfiguration;
			buildSettings = {
				ASSETCATALOG_COMPILER_APPICON_NAME = AppIcon;
				ASSETCATALOG_COMPILER_GLOBAL_ACCENT_COLOR_NAME = AccentColor;
				CODE_SIGN_STYLE = Automatic;
				CURRENT_PROJECT_VERSION = 1;
				DEVELOPMENT_ASSET_PATHS = "\"UI-532/Preview Content\"";
				DEVELOPMENT_TEAM = 8CL4U468K5;
				ENABLE_PREVIEWS = YES;
				GENERATE_INFOPLIST_FILE = YES;
				INFOPLIST_KEY_UIApplicationSceneManifest_Generation = YES;
				INFOPLIST_KEY_UIApplicationSupportsIndirectInputEvents = YES;
				INFOPLIST_KEY_UILaunchScreen_Generation = YES;
				INFOPLIST_KEY_UISupportedInterfaceOrientations_iPad = "UIInterfaceOrientationPortrait UIInterfaceOrientationPortraitUpsideDown UIInterfaceOrientationLandscapeLeft UIInterfaceOrientationLandscapeRight";
				INFOPLIST_KEY_UISupportedInterfaceOrientations_iPhone = "UIInterfaceOrientationPortrait UIInterfaceOrientationLandscapeLeft UIInterfaceOrientationLandscapeRight";
				LD_RUNPATH_SEARCH_PATHS = (
					"$(inherited)",
					"@executable_path/Frameworks",
				);
				MARKETING_VERSION = 1.0;
				PRODUCT_BUNDLE_IDENTIFIER = "com.585.UI-532";
				PRODUCT_NAME = "$(TARGET_NAME)";
				SWIFT_EMIT_LOC_STRINGS = YES;
				SWIFT_VERSION = 5.0;
				TARGETED_DEVICE_FAMILY = "1,2";
			};
			name = Debug;
		};
		475F1F4427FD6F120010DC74 /* Release */ = {
			isa = XCBuildConfiguration;
			buildSettings = {
				ASSETCATALOG_COMPILER_APPICON_NAME = AppIcon;
				ASSETCATALOG_COMPILER_GLOBAL_ACCENT_COLOR_NAME = AccentColor;
				CODE_SIGN_STYLE = Automatic;
				CURRENT_PROJECT_VERSION = 1;
				DEVELOPMENT_ASSET_PATHS = "\"UI-532/Preview Content\"";
				DEVELOPMENT_TEAM = 8CL4U468K5;
				ENABLE_PREVIEWS = YES;
				GENERATE_INFOPLIST_FILE = YES;
				INFOPLIST_KEY_UIApplicationSceneManifest_Generation = YES;
				INFOPLIST_KEY_UIApplicationSupportsIndirectInputEvents = YES;
				INFOPLIST_KEY_UILaunchScreen_Generation = YES;
				INFOPLIST_KEY_UISupportedInterfaceOrientations_iPad = "UIInterfaceOrientationPortrait UIInterfaceOrientationPortraitUpsideDown UIInterfaceOrientationLandscapeLeft UIInterfaceOrientationLandscapeRight";
				INFOPLIST_KEY_UISupportedInterfaceOrientations_iPhone = "UIInterfaceOrientationPortrait UIInterfaceOrientationLandscapeLeft UIInterfaceOrientationLandscapeRight";
				LD_RUNPATH_SEARCH_PATHS = (
					"$(inherited)",
					"@executable_path/Frameworks",
				);
				MARKETING_VERSION = 1.0;
				PRODUCT_BUNDLE_IDENTIFIER = "com.585.UI-532";
				PRODUCT_NAME = "$(TARGET_NAME)";
				SWIFT_EMIT_LOC_STRINGS = YES;
				SWIFT_VERSION = 5.0;
				TARGETED_DEVICE_FAMILY = "1,2";
			};
			name = Release;
		};
		475F1F4627FD6F120010DC74 /* Debug */ = {
			isa = XCBuildConfiguration;
			buildSettings = {
				ALWAYS_EMBED_SWIFT_STANDARD_LIBRARIES = YES;
				BUNDLE_LOADER = "$(TEST_HOST)";
				CODE_SIGN_STYLE = Automatic;
				CURRENT_PROJECT_VERSION = 1;
				DEVELOPMENT_TEAM = 8CL4U468K5;
				GENERATE_INFOPLIST_FILE = YES;
				IPHONEOS_DEPLOYMENT_TARGET = 15.4;
				MARKETING_VERSION = 1.0;
				PRODUCT_BUNDLE_IDENTIFIER = "com.585.UI-532Tests";
				PRODUCT_NAME = "$(TARGET_NAME)";
				SWIFT_EMIT_LOC_STRINGS = NO;
				SWIFT_VERSION = 5.0;
				TARGETED_DEVICE_FAMILY = "1,2";
				TEST_HOST = "$(BUILT_PRODUCTS_DIR)/UI-532.app/UI-532";
			};
			name = Debug;
		};
		475F1F4727FD6F120010DC74 /* Release */ = {
			isa = XCBuildConfiguration;
			buildSettings = {
				ALWAYS_EMBED_SWIFT_STANDARD_LIBRARIES = YES;
				BUNDLE_LOADER = "$(TEST_HOST)";
				CODE_SIGN_STYLE = Automatic;
				CURRENT_PROJECT_VERSION = 1;
				DEVELOPMENT_TEAM = 8CL4U468K5;
				GENERATE_INFOPLIST_FILE = YES;
				IPHONEOS_DEPLOYMENT_TARGET = 15.4;
				MARKETING_VERSION = 1.0;
				PRODUCT_BUNDLE_IDENTIFIER = "com.585.UI-532Tests";
				PRODUCT_NAME = "$(TARGET_NAME)";
				SWIFT_EMIT_LOC_STRINGS = NO;
				SWIFT_VERSION = 5.0;
				TARGETED_DEVICE_FAMILY = "1,2";
				TEST_HOST = "$(BUILT_PRODUCTS_DIR)/UI-532.app/UI-532";
			};
			name = Release;
		};
		475F1F4927FD6F120010DC74 /* Debug */ = {
			isa = XCBuildConfiguration;
			buildSettings = {
				ALWAYS_EMBED_SWIFT_STANDARD_LIBRARIES = YES;
				CODE_SIGN_STYLE = Automatic;
				CURRENT_PROJECT_VERSION = 1;
				DEVELOPMENT_TEAM = 8CL4U468K5;
				GENERATE_INFOPLIST_FILE = YES;
				MARKETING_VERSION = 1.0;
				PRODUCT_BUNDLE_IDENTIFIER = "com.585.UI-532UITests";
				PRODUCT_NAME = "$(TARGET_NAME)";
				SWIFT_EMIT_LOC_STRINGS = NO;
				SWIFT_VERSION = 5.0;
				TARGETED_DEVICE_FAMILY = "1,2";
				TEST_TARGET_NAME = "UI-532";
			};
			name = Debug;
		};
		475F1F4A27FD6F120010DC74 /* Release */ = {
			isa = XCBuildConfiguration;
			buildSettings = {
				ALWAYS_EMBED_SWIFT_STANDARD_LIBRARIES = YES;
				CODE_SIGN_STYLE = Automatic;
				CURRENT_PROJECT_VERSION = 1;
				DEVELOPMENT_TEAM = 8CL4U468K5;
				GENERATE_INFOPLIST_FILE = YES;
				MARKETING_VERSION = 1.0;
				PRODUCT_BUNDLE_IDENTIFIER = "com.585.UI-532UITests";
				PRODUCT_NAME = "$(TARGET_NAME)";
				SWIFT_EMIT_LOC_STRINGS = NO;
				SWIFT_VERSION = 5.0;
				TARGETED_DEVICE_FAMILY = "1,2";
				TEST_TARGET_NAME = "UI-532";
			};
			name = Release;
		};
/* End XCBuildConfiguration section */

/* Begin XCConfigurationList section */
		475F1F1927FD6F110010DC74 /* Build configuration list for PBXProject "UI-532" */ = {
			isa = XCConfigurationList;
			buildConfigurations = (
				475F1F4027FD6F120010DC74 /* Debug */,
				475F1F4127FD6F120010DC74 /* Release */,
			);
			defaultConfigurationIsVisible = 0;
			defaultConfigurationName = Release;
		};
		475F1F4227FD6F120010DC74 /* Build configuration list for PBXNativeTarget "UI-532" */ = {
			isa = XCConfigurationList;
			buildConfigurations = (
				475F1F4327FD6F120010DC74 /* Debug */,
				475F1F4427FD6F120010DC74 /* Release */,
			);
			defaultConfigurationIsVisible = 0;
			defaultConfigurationName = Release;
		};
		475F1F4527FD6F120010DC74 /* Build configuration list for PBXNativeTarget "UI-532Tests" */ = {
			isa = XCConfigurationList;
			buildConfigurations = (
				475F1F4627FD6F120010DC74 /* Debug */,
				475F1F4727FD6F120010DC74 /* Release */,
			);
			defaultConfigurationIsVisible = 0;
			defaultConfigurationName = Release;
		};
		475F1F4827FD6F120010DC74 /* Build configuration list for PBXNativeTarget "UI-532UITests" */ = {
			isa = XCConfigurationList;
			buildConfigurations = (
				475F1F4927FD6F120010DC74 /* Debug */,
				475F1F4A27FD6F120010DC74 /* Release */,
			);
			defaultConfigurationIsVisible = 0;
			defaultConfigurationName = Release;
		};
/* End XCConfigurationList section */
	};
	rootObject = 475F1F1627FD6F110010DC74 /* Project object */;
}
